// !$*UTF8*$!
{
	archiveVersion = 1;
	classes = {
	};
	objectVersion = 50;
	objects = {

/* Begin PBXBuildFile section */
		A9BE78A2B2748D4CE5DBD5CB /* Pods_MapPixelApp.framework in Frameworks */ = {isa = PBXBuildFile; fileRef = 08DD4CD99FBF92C6907FE394 /* Pods_MapPixelApp.framework */; };
		B718124C2108002B0082A8D5 /* DropPin.swift in Sources */ = {isa = PBXBuildFile; fileRef = B718124B2108002B0082A8D5 /* DropPin.swift */; };
		B718124E21080F460082A8D5 /* PhotoCell.swift in Sources */ = {isa = PBXBuildFile; fileRef = B718124D21080F460082A8D5 /* PhotoCell.swift */; };
		B7B9C58D20C8CA56005F3D22 /* AppDelegate.swift in Sources */ = {isa = PBXBuildFile; fileRef = B7B9C58C20C8CA56005F3D22 /* AppDelegate.swift */; };
		B7B9C58F20C8CA56005F3D22 /* MapVC.swift in Sources */ = {isa = PBXBuildFile; fileRef = B7B9C58E20C8CA56005F3D22 /* MapVC.swift */; };
		B7B9C59220C8CA57005F3D22 /* Main.storyboard in Resources */ = {isa = PBXBuildFile; fileRef = B7B9C59020C8CA57005F3D22 /* Main.storyboard */; };
		B7B9C59420C8CA58005F3D22 /* Assets.xcassets in Resources */ = {isa = PBXBuildFile; fileRef = B7B9C59320C8CA58005F3D22 /* Assets.xcassets */; };
		B7B9C59720C8CA58005F3D22 /* LaunchScreen.storyboard in Resources */ = {isa = PBXBuildFile; fileRef = B7B9C59520C8CA58005F3D22 /* LaunchScreen.storyboard */; };
/* End PBXBuildFile section */

/* Begin PBXFileReference section */
		08DD4CD99FBF92C6907FE394 /* Pods_MapPixelApp.framework */ = {isa = PBXFileReference; explicitFileType = wrapper.framework; includeInIndex = 0; path = Pods_MapPixelApp.framework; sourceTree = BUILT_PRODUCTS_DIR; };
		B718124B2108002B0082A8D5 /* DropPin.swift */ = {isa = PBXFileReference; lastKnownFileType = sourcecode.swift; path = DropPin.swift; sourceTree = "<group>"; };
		B718124D21080F460082A8D5 /* PhotoCell.swift */ = {isa = PBXFileReference; lastKnownFileType = sourcecode.swift; path = PhotoCell.swift; sourceTree = "<group>"; };
		B7B9C58920C8CA56005F3D22 /* MapPixelApp.app */ = {isa = PBXFileReference; explicitFileType = wrapper.application; includeInIndex = 0; path = MapPixelApp.app; sourceTree = BUILT_PRODUCTS_DIR; };
		B7B9C58C20C8CA56005F3D22 /* AppDelegate.swift */ = {isa = PBXFileReference; lastKnownFileType = sourcecode.swift; path = AppDelegate.swift; sourceTree = "<group>"; };
		B7B9C58E20C8CA56005F3D22 /* MapVC.swift */ = {isa = PBXFileReference; lastKnownFileType = sourcecode.swift; path = MapVC.swift; sourceTree = "<group>"; };
		B7B9C59120C8CA57005F3D22 /* Base */ = {isa = PBXFileReference; lastKnownFileType = file.storyboard; name = Base; path = Base.lproj/Main.storyboard; sourceTree = "<group>"; };
		B7B9C59320C8CA58005F3D22 /* Assets.xcassets */ = {isa = PBXFileReference; lastKnownFileType = folder.assetcatalog; path = Assets.xcassets; sourceTree = "<group>"; };
		B7B9C59620C8CA58005F3D22 /* Base */ = {isa = PBXFileReference; lastKnownFileType = file.storyboard; name = Base; path = Base.lproj/LaunchScreen.storyboard; sourceTree = "<group>"; };
		B7B9C59820C8CA58005F3D22 /* Info.plist */ = {isa = PBXFileReference; lastKnownFileType = text.plist.xml; path = Info.plist; sourceTree = "<group>"; };
		D33FCA7BEA2A1D1CCD3AE588 /* Pods-MapPixelApp.release.xcconfig */ = {isa = PBXFileReference; includeInIndex = 1; lastKnownFileType = text.xcconfig; name = "Pods-MapPixelApp.release.xcconfig"; path = "Pods/Target Support Files/Pods-MapPixelApp/Pods-MapPixelApp.release.xcconfig"; sourceTree = "<group>"; };
		FF20BCFD41F4001E63B80F2E /* Pods-MapPixelApp.debug.xcconfig */ = {isa = PBXFileReference; includeInIndex = 1; lastKnownFileType = text.xcconfig; name = "Pods-MapPixelApp.debug.xcconfig"; path = "Pods/Target Support Files/Pods-MapPixelApp/Pods-MapPixelApp.debug.xcconfig"; sourceTree = "<group>"; };
/* End PBXFileReference section */

/* Begin PBXFrameworksBuildPhase section */
		B7B9C58620C8CA56005F3D22 /* Frameworks */ = {
			isa = PBXFrameworksBuildPhase;
			buildActionMask = 2147483647;
			files = (
				A9BE78A2B2748D4CE5DBD5CB /* Pods_MapPixelApp.framework in Frameworks */,
			);
			runOnlyForDeploymentPostprocessing = 0;
		};
/* End PBXFrameworksBuildPhase section */

/* Begin PBXGroup section */
		7BA94C7D140B2C022D068ED5 /* Pods */ = {
			isa = PBXGroup;
			children = (
				FF20BCFD41F4001E63B80F2E /* Pods-MapPixelApp.debug.xcconfig */,
				D33FCA7BEA2A1D1CCD3AE588 /* Pods-MapPixelApp.release.xcconfig */,
			);
			name = Pods;
			sourceTree = "<group>";
		};
		B754FC8B2101665B00DC529F /* Controller */ = {
			isa = PBXGroup;
			children = (
				B7B9C58E20C8CA56005F3D22 /* MapVC.swift */,
			);
			path = Controller;
			sourceTree = "<group>";
		};
		B754FC8C2101668F00DC529F /* View */ = {
			isa = PBXGroup;
			children = (
				B718124B2108002B0082A8D5 /* DropPin.swift */,
				B718124D21080F460082A8D5 /* PhotoCell.swift */,
			);
			path = View;
			sourceTree = "<group>";
		};
		B754FC8D2101669500DC529F /* Extensions */ = {
			isa = PBXGroup;
			children = (
			);
			path = Extensions;
			sourceTree = "<group>";
		};
		B754FC8E210166B500DC529F /* Utilities */ = {
			isa = PBXGroup;
			children = (
			);
			path = Utilities;
			sourceTree = "<group>";
		};
		B7B9C58020C8CA56005F3D22 = {
			isa = PBXGroup;
			children = (
				B7B9C58B20C8CA56005F3D22 /* MapPixelApp */,
				B7B9C58A20C8CA56005F3D22 /* Products */,
				7BA94C7D140B2C022D068ED5 /* Pods */,
				E8C3B1FDA1AA1B9A46EAFC22 /* Frameworks */,
			);
			sourceTree = "<group>";
		};
		B7B9C58A20C8CA56005F3D22 /* Products */ = {
			isa = PBXGroup;
			children = (
				B7B9C58920C8CA56005F3D22 /* MapPixelApp.app */,
			);
			name = Products;
			sourceTree = "<group>";
		};
		B7B9C58B20C8CA56005F3D22 /* MapPixelApp */ = {
			isa = PBXGroup;
			children = (
				B754FC8E210166B500DC529F /* Utilities */,
				B754FC8D2101669500DC529F /* Extensions */,
				B754FC8C2101668F00DC529F /* View */,
				B754FC8B2101665B00DC529F /* Controller */,
				B7B9C58C20C8CA56005F3D22 /* AppDelegate.swift */,
				B7B9C59020C8CA57005F3D22 /* Main.storyboard */,
				B7B9C59320C8CA58005F3D22 /* Assets.xcassets */,
				B7B9C59520C8CA58005F3D22 /* LaunchScreen.storyboard */,
				B7B9C59820C8CA58005F3D22 /* Info.plist */,
			);
			path = MapPixelApp;
			sourceTree = "<group>";
		};
		E8C3B1FDA1AA1B9A46EAFC22 /* Frameworks */ = {
			isa = PBXGroup;
			children = (
				08DD4CD99FBF92C6907FE394 /* Pods_MapPixelApp.framework */,
			);
			name = Frameworks;
			sourceTree = "<group>";
		};
/* End PBXGroup section */

/* Begin PBXNativeTarget section */
		B7B9C58820C8CA56005F3D22 /* MapPixelApp */ = {
			isa = PBXNativeTarget;
			buildConfigurationList = B7B9C59B20C8CA58005F3D22 /* Build configuration list for PBXNativeTarget "MapPixelApp" */;
			buildPhases = (
				99D23A5401C849B08BA1B6DE /* [CP] Check Pods Manifest.lock */,
				B7B9C58520C8CA56005F3D22 /* Sources */,
				B7B9C58620C8CA56005F3D22 /* Frameworks */,
				B7B9C58720C8CA56005F3D22 /* Resources */,
				71C104B0F723673D96CDADE1 /* [CP] Embed Pods Frameworks */,
			);
			buildRules = (
			);
			dependencies = (
			);
			name = MapPixelApp;
			productName = MapPixelApp;
			productReference = B7B9C58920C8CA56005F3D22 /* MapPixelApp.app */;
			productType = "com.apple.product-type.application";
		};
/* End PBXNativeTarget section */

/* Begin PBXProject section */
		B7B9C58120C8CA56005F3D22 /* Project object */ = {
			isa = PBXProject;
			attributes = {
				LastSwiftUpdateCheck = 0930;
				LastUpgradeCheck = 0930;
				ORGANIZATIONNAME = "Teja PV";
				TargetAttributes = {
					B7B9C58820C8CA56005F3D22 = {
						CreatedOnToolsVersion = 9.3.1;
					};
				};
			};
			buildConfigurationList = B7B9C58420C8CA56005F3D22 /* Build configuration list for PBXProject "MapPixelApp" */;
			compatibilityVersion = "Xcode 9.3";
			developmentRegion = en;
			hasScannedForEncodings = 0;
			knownRegions = (
				en,
				Base,
			);
			mainGroup = B7B9C58020C8CA56005F3D22;
			productRefGroup = B7B9C58A20C8CA56005F3D22 /* Products */;
			projectDirPath = "";
			projectRoot = "";
			targets = (
				B7B9C58820C8CA56005F3D22 /* MapPixelApp */,
			);
		};
/* End PBXProject section */

/* Begin PBXResourcesBuildPhase section */
		B7B9C58720C8CA56005F3D22 /* Resources */ = {
			isa = PBXResourcesBuildPhase;
			buildActionMask = 2147483647;
			files = (
				B7B9C59720C8CA58005F3D22 /* LaunchScreen.storyboard in Resources */,
				B7B9C59420C8CA58005F3D22 /* Assets.xcassets in Resources */,
				B7B9C59220C8CA57005F3D22 /* Main.storyboard in Resources */,
			);
			runOnlyForDeploymentPostprocessing = 0;
		};
/* End PBXResourcesBuildPhase section */

/* Begin PBXShellScriptBuildPhase section */
		71C104B0F723673D96CDADE1 /* [CP] Embed Pods Frameworks */ = {
			isa = PBXShellScriptBuildPhase;
			buildActionMask = 2147483647;
			files = (
			);
			inputPaths = (
				"${SRCROOT}/Pods/Target Support Files/Pods-MapPixelApp/Pods-MapPixelApp-frameworks.sh",
				"${BUILT_PRODUCTS_DIR}/Alamofire/Alamofire.framework",
				"${BUILT_PRODUCTS_DIR}/AlamofireImage/AlamofireImage.framework",
			);
			name = "[CP] Embed Pods Frameworks";
			outputPaths = (
				"${TARGET_BUILD_DIR}/${FRAMEWORKS_FOLDER_PATH}/Alamofire.framework",
				"${TARGET_BUILD_DIR}/${FRAMEWORKS_FOLDER_PATH}/AlamofireImage.framework",
			);
			runOnlyForDeploymentPostprocessing = 0;
			shellPath = /bin/sh;
			shellScript = "\"${SRCROOT}/Pods/Target Support Files/Pods-MapPixelApp/Pods-MapPixelApp-frameworks.sh\"\n";
			showEnvVarsInLog = 0;
		};
		99D23A5401C849B08BA1B6DE /* [CP] Check Pods Manifest.lock */ = {
			isa = PBXShellScriptBuildPhase;
			buildActionMask = 2147483647;
			files = (
			);
			inputPaths = (
				"${PODS_PODFILE_DIR_PATH}/Podfile.lock",
				"${PODS_ROOT}/Manifest.lock",
			);
			name = "[CP] Check Pods Manifest.lock";
			outputPaths = (
				"$(DERIVED_FILE_DIR)/Pods-MapPixelApp-checkManifestLockResult.txt",
			);
			runOnlyForDeploymentPostprocessing = 0;
			shellPath = /bin/sh;
			shellScript = "diff \"${PODS_PODFILE_DIR_PATH}/Podfile.lock\" \"${PODS_ROOT}/Manifest.lock\" > /dev/null\nif [ $? != 0 ] ; then\n    # print error to STDERR\n    echo \"error: The sandbox is not in sync with the Podfile.lock. Run 'pod install' or update your CocoaPods installation.\" >&2\n    exit 1\nfi\n# This output is used by Xcode 'outputs' to avoid re-running this script phase.\necho \"SUCCESS\" > \"${SCRIPT_OUTPUT_FILE_0}\"\n";
			showEnvVarsInLog = 0;
		};
/* End PBXShellScriptBuildPhase section */

/* Begin PBXSourcesBuildPhase section */
		B7B9C58520C8CA56005F3D22 /* Sources */ = {
			isa = PBXSourcesBuildPhase;
			buildActionMask = 2147483647;
			files = (
				B718124E21080F460082A8D5 /* PhotoCell.swift in Sources */,
				B7B9C58F20C8CA56005F3D22 /* MapVC.swift in Sources */,
				B718124C2108002B0082A8D5 /* DropPin.swift in Sources */,
				B7B9C58D20C8CA56005F3D22 /* AppDelegate.swift in Sources */,
			);
			runOnlyForDeploymentPostprocessing = 0;
		};
/* End PBXSourcesBuildPhase section */

/* Begin PBXVariantGroup section */
		B7B9C59020C8CA57005F3D22 /* Main.storyboard */ = {
			isa = PBXVariantGroup;
			children = (
				B7B9C59120C8CA57005F3D22 /* Base */,
			);
			name = Main.storyboard;
			sourceTree = "<group>";
		};
		B7B9C59520C8CA58005F3D22 /* LaunchScreen.storyboard */ = {
			isa = PBXVariantGroup;
			children = (
				B7B9C59620C8CA58005F3D22 /* Base */,
			);
			name = LaunchScreen.storyboard;
			sourceTree = "<group>";
		};
/* End PBXVariantGroup section */

/* Begin XCBuildConfiguration section */
		B7B9C59920C8CA58005F3D22 /* Debug */ = {
			isa = XCBuildConfiguration;
			buildSettings = {
				ALWAYS_SEARCH_USER_PATHS = NO;
				CLANG_ANALYZER_NONNULL = YES;
				CLANG_ANALYZER_NUMBER_OBJECT_CONVERSION = YES_AGGRESSIVE;
				CLANG_CXX_LANGUAGE_STANDARD = "gnu++14";
				CLANG_CXX_LIBRARY = "libc++";
				CLANG_ENABLE_MODULES = YES;
				CLANG_ENABLE_OBJC_ARC = YES;
				CLANG_ENABLE_OBJC_WEAK = YES;
				CLANG_WARN_BLOCK_CAPTURE_AUTORELEASING = YES;
				CLANG_WARN_BOOL_CONVERSION = YES;
				CLANG_WARN_COMMA = YES;
				CLANG_WARN_CONSTANT_CONVERSION = YES;
				CLANG_WARN_DEPRECATED_OBJC_IMPLEMENTATIONS = YES;
				CLANG_WARN_DIRECT_OBJC_ISA_USAGE = YES_ERROR;
				CLANG_WARN_DOCUMENTATION_COMMENTS = YES;
				CLANG_WARN_EMPTY_BODY = YES;
				CLANG_WARN_ENUM_CONVERSION = YES;
				CLANG_WARN_INFINITE_RECURSION = YES;
				CLANG_WARN_INT_CONVERSION = YES;
				CLANG_WARN_NON_LITERAL_NULL_CONVERSION = YES;
				CLANG_WARN_OBJC_IMPLICIT_RETAIN_SELF = YES;
				CLANG_WARN_OBJC_LITERAL_CONVERSION = YES;
				CLANG_WARN_OBJC_ROOT_CLASS = YES_ERROR;
				CLANG_WARN_RANGE_LOOP_ANALYSIS = YES;
				CLANG_WARN_STRICT_PROTOTYPES = YES;
				CLANG_WARN_SUSPICIOUS_MOVE = YES;
				CLANG_WARN_UNGUARDED_AVAILABILITY = YES_AGGRESSIVE;
				CLANG_WARN_UNREACHABLE_CODE = YES;
				CLANG_WARN__DUPLICATE_METHOD_MATCH = YES;
				CODE_SIGN_IDENTITY = "iPhone Developer";
				COPY_PHASE_STRIP = NO;
				DEBUG_INFORMATION_FORMAT = dwarf;
				ENABLE_STRICT_OBJC_MSGSEND = YES;
				ENABLE_TESTABILITY = YES;
				GCC_C_LANGUAGE_STANDARD = gnu11;
				GCC_DYNAMIC_NO_PIC = NO;
				GCC_NO_COMMON_BLOCKS = YES;
				GCC_OPTIMIZATION_LEVEL = 0;
				GCC_PREPROCESSOR_DEFINITIONS = (
					"DEBUG=1",
					"$(inherited)",
				);
				GCC_WARN_64_TO_32_BIT_CONVERSION = YES;
				GCC_WARN_ABOUT_RETURN_TYPE = YES_ERROR;
				GCC_WARN_UNDECLARED_SELECTOR = YES;
				GCC_WARN_UNINITIALIZED_AUTOS = YES_AGGRESSIVE;
				GCC_WARN_UNUSED_FUNCTION = YES;
				GCC_WARN_UNUSED_VARIABLE = YES;
				IPHONEOS_DEPLOYMENT_TARGET = 11.3;
				MTL_ENABLE_DEBUG_INFO = YES;
				ONLY_ACTIVE_ARCH = YES;
				SDKROOT = iphoneos;
				SWIFT_ACTIVE_COMPILATION_CONDITIONS = DEBUG;
				SWIFT_OPTIMIZATION_LEVEL = "-Onone";
			};
			name = Debug;
		};
		B7B9C59A20C8CA58005F3D22 /* Release */ = {
			isa = XCBuildConfiguration;
			buildSettings = {
				ALWAYS_SEARCH_USER_PATHS = NO;
				CLANG_ANALYZER_NONNULL = YES;
				CLANG_ANALYZER_NUMBER_OBJECT_CONVERSION = YES_AGGRESSIVE;
				CLANG_CXX_LANGUAGE_STANDARD = "gnu++14";
				CLANG_CXX_LIBRARY = "libc++";
				CLANG_ENABLE_MODULES = YES;
				CLANG_ENABLE_OBJC_ARC = YES;
				CLANG_ENABLE_OBJC_WEAK = YES;
				CLANG_WARN_BLOCK_CAPTURE_AUTORELEASING = YES;
				CLANG_WARN_BOOL_CONVERSION = YES;
				CLANG_WARN_COMMA = YES;
				CLANG_WARN_CONSTANT_CONVERSION = YES;
				CLANG_WARN_DEPRECATED_OBJC_IMPLEMENTATIONS = YES;
				CLANG_WARN_DIRECT_OBJC_ISA_USAGE = YES_ERROR;
				CLANG_WARN_DOCUMENTATION_COMMENTS = YES;
				CLANG_WARN_EMPTY_BODY = YES;
				CLANG_WARN_ENUM_CONVERSION = YES;
				CLANG_WARN_INFINITE_RECURSION = YES;
				CLANG_WARN_INT_CONVERSION = YES;
				CLANG_WARN_NON_LITERAL_NULL_CONVERSION = YES;
				CLANG_WARN_OBJC_IMPLICIT_RETAIN_SELF = YES;
				CLANG_WARN_OBJC_LITERAL_CONVERSION = YES;
				CLANG_WARN_OBJC_ROOT_CLASS = YES_ERROR;
				CLANG_WARN_RANGE_LOOP_ANALYSIS = YES;
				CLANG_WARN_STRICT_PROTOTYPES = YES;
				CLANG_WARN_SUSPICIOUS_MOVE = YES;
				CLANG_WARN_UNGUARDED_AVAILABILITY = YES_AGGRESSIVE;
				CLANG_WARN_UNREACHABLE_CODE = YES;
				CLANG_WARN__DUPLICATE_METHOD_MATCH = YES;
				CODE_SIGN_IDENTITY = "iPhone Developer";
				COPY_PHASE_STRIP = NO;
				DEBUG_INFORMATION_FORMAT = "dwarf-with-dsym";
				ENABLE_NS_ASSERTIONS = NO;
				ENABLE_STRICT_OBJC_MSGSEND = YES;
				GCC_C_LANGUAGE_STANDARD = gnu11;
				GCC_NO_COMMON_BLOCKS = YES;
				GCC_WARN_64_TO_32_BIT_CONVERSION = YES;
				GCC_WARN_ABOUT_RETURN_TYPE = YES_ERROR;
				GCC_WARN_UNDECLARED_SELECTOR = YES;
				GCC_WARN_UNINITIALIZED_AUTOS = YES_AGGRESSIVE;
				GCC_WARN_UNUSED_FUNCTION = YES;
				GCC_WARN_UNUSED_VARIABLE = YES;
				IPHONEOS_DEPLOYMENT_TARGET = 11.3;
				MTL_ENABLE_DEBUG_INFO = NO;
				SDKROOT = iphoneos;
				SWIFT_COMPILATION_MODE = wholemodule;
				SWIFT_OPTIMIZATION_LEVEL = "-O";
				VALIDATE_PRODUCT = YES;
			};
			name = Release;
		};
		B7B9C59C20C8CA58005F3D22 /* Debug */ = {
			isa = XCBuildConfiguration;
			baseConfigurationReference = FF20BCFD41F4001E63B80F2E /* Pods-MapPixelApp.debug.xcconfig */;
			buildSettings = {
				ASSETCATALOG_COMPILER_APPICON_NAME = AppIcon;
				CODE_SIGN_STYLE = Automatic;
				INFOPLIST_FILE = MapPixelApp/Info.plist;
				IPHONEOS_DEPLOYMENT_TARGET = 11.0;
				LD_RUNPATH_SEARCH_PATHS = (
					"$(inherited)",
					"@executable_path/Frameworks",
				);
				PRODUCT_BUNDLE_IDENTIFIER = com.Teja.MapPixelApp;
				PRODUCT_NAME = "$(TARGET_NAME)";
				SWIFT_VERSION = 4.0;
				TARGETED_DEVICE_FAMILY = "1,2";
			};
			name = Debug;
		};
		B7B9C59D20C8CA58005F3D22 /* Release */ = {
			isa = XCBuildConfiguration;
			baseConfigurationReference = D33FCA7BEA2A1D1CCD3AE588 /* Pods-MapPixelApp.release.xcconfig */;
			buildSettings = {
				ASSETCATALOG_COMPILER_APPICON_NAME = AppIcon;
				CODE_SIGN_STYLE = Automatic;
				INFOPLIST_FILE = MapPixelApp/Info.plist;
				IPHONEOS_DEPLOYMENT_TARGET = 11.0;
				LD_RUNPATH_SEARCH_PATHS = (
					"$(inherited)",
					"@executable_path/Frameworks",
				);
				PRODUCT_BUNDLE_IDENTIFIER = com.Teja.MapPixelApp;
				PRODUCT_NAME = "$(TARGET_NAME)";
				SWIFT_VERSION = 4.0;
				TARGETED_DEVICE_FAMILY = "1,2";
			};
			name = Release;
		};
/* End XCBuildConfiguration section */

/* Begin XCConfigurationList section */
		B7B9C58420C8CA56005F3D22 /* Build configuration list for PBXProject "MapPixelApp" */ = {
			isa = XCConfigurationList;
			buildConfigurations = (
				B7B9C59920C8CA58005F3D22 /* Debug */,
				B7B9C59A20C8CA58005F3D22 /* Release */,
			);
			defaultConfigurationIsVisible = 0;
			defaultConfigurationName = Release;
		};
		B7B9C59B20C8CA58005F3D22 /* Build configuration list for PBXNativeTarget "MapPixelApp" */ = {
			isa = XCConfigurationList;
			buildConfigurations = (
				B7B9C59C20C8CA58005F3D22 /* Debug */,
				B7B9C59D20C8CA58005F3D22 /* Release */,
			);
			defaultConfigurationIsVisible = 0;
			defaultConfigurationName = Release;
		};
/* End XCConfigurationList section */
	};
	rootObject = B7B9C58120C8CA56005F3D22 /* Project object */;
}
